{
  "pins" : [
    {
      "identity" : "sdwebimage",
      "kind" : "remoteSourceControl",
      "location" : "https://github.com/SDWebImage/SDWebImage.git",
      "state" : {
        "branch" : "master",
        "revision" : "8dbf8ed97a10e0f4d61ca8f754dc04e4d17b5f02"
      }
    }
  ],
  "version" : 2
}
