// !$*UTF8*$!
{
	archiveVersion = 1;
	classes = {
	};
	objectVersion = 56;
	objects = {

/* Begin PBXBuildFile section */
		DB59219A2A5C5021006FDD40 /* SearchResultCell.swift in Sources */ = {isa = PBXBuildFile; fileRef = DB5921992A5C5021006FDD40 /* SearchResultCell.swift */; };
		DB6E98142A653B3C00BB2E4B /* SearchResult.swift in Sources */ = {isa = PBXBuildFile; fileRef = DB6E98132A653B3C00BB2E4B /* SearchResult.swift */; };
		DB6E98172A654EB200BB2E4B /* Service.swift in Sources */ = {isa = PBXBuildFile; fileRef = DB6E98162A654EB200BB2E4B /* Service.swift */; };
		DB6E981A2A656E0A00BB2E4B /* SDWebImage in Frameworks */ = {isa = PBXBuildFile; productRef = DB6E98192A656E0A00BB2E4B /* SDWebImage */; };
		DB6E981C2A656E0A00BB2E4B /* SDWebImageMapKit in Frameworks */ = {isa = PBXBuildFile; productRef = DB6E981B2A656E0A00BB2E4B /* SDWebImageMapKit */; };
		DB82385E2A53642800904DB4 /* AppDelegate.swift in Sources */ = {isa = PBXBuildFile; fileRef = DB82385D2A53642800904DB4 /* AppDelegate.swift */; };
		DB8238602A53642800904DB4 /* SceneDelegate.swift in Sources */ = {isa = PBXBuildFile; fileRef = DB82385F2A53642800904DB4 /* SceneDelegate.swift */; };
		DB8238622A53642800904DB4 /* SearchViewController.swift in Sources */ = {isa = PBXBuildFile; fileRef = DB8238612A53642800904DB4 /* SearchViewController.swift */; };
		DB8238652A53642800904DB4 /* Main.storyboard in Resources */ = {isa = PBXBuildFile; fileRef = DB8238632A53642800904DB4 /* Main.storyboard */; };
		DB8238672A53642A00904DB4 /* Assets.xcassets in Resources */ = {isa = PBXBuildFile; fileRef = DB8238662A53642A00904DB4 /* Assets.xcassets */; };
		DB82386A2A53642A00904DB4 /* LaunchScreen.storyboard in Resources */ = {isa = PBXBuildFile; fileRef = DB8238682A53642A00904DB4 /* LaunchScreen.storyboard */; };
		DB8238732A5366B100904DB4 /* MainTabBarNavigationController.swift in Sources */ = {isa = PBXBuildFile; fileRef = DB8238722A5366B100904DB4 /* MainTabBarNavigationController.swift */; };
		DB9BC4C12A6E702200076713 /* AppsController.swift in Sources */ = {isa = PBXBuildFile; fileRef = DB9BC4C02A6E702200076713 /* AppsController.swift */; };
		DB9BC4C42A6E72F300076713 /* BaseListController.swift in Sources */ = {isa = PBXBuildFile; fileRef = DB9BC4C32A6E72F300076713 /* BaseListController.swift */; };
		DB9BC4C82A6E754400076713 /* AppsGroupCell.swift in Sources */ = {isa = PBXBuildFile; fileRef = DB9BC4C72A6E754400076713 /* AppsGroupCell.swift */; };
		DB9BC4CA2A6FEFA400076713 /* AppsHorizontalController.swift in Sources */ = {isa = PBXBuildFile; fileRef = DB9BC4C92A6FEFA400076713 /* AppsHorizontalController.swift */; };
		DB9BC4CC2A7107C600076713 /* AppRowCell.swift in Sources */ = {isa = PBXBuildFile; fileRef = DB9BC4CB2A7107C600076713 /* AppRowCell.swift */; };
		DB9BC4CF2A7108C800076713 /* Extensions.swift in Sources */ = {isa = PBXBuildFile; fileRef = DB9BC4CE2A7108C800076713 /* Extensions.swift */; };
		DB9BC4D12A7115C600076713 /* VerticalStackView.swift in Sources */ = {isa = PBXBuildFile; fileRef = DB9BC4D02A7115C600076713 /* VerticalStackView.swift */; };
		DB9BC4D32A71470700076713 /* AppsPageHeader.swift in Sources */ = {isa = PBXBuildFile; fileRef = DB9BC4D22A71470700076713 /* AppsPageHeader.swift */; };
		DB9BC4D52A714A9800076713 /* AppsHeaderHorizontalController.swift in Sources */ = {isa = PBXBuildFile; fileRef = DB9BC4D42A714A9800076713 /* AppsHeaderHorizontalController.swift */; };
		DB9BC4D72A714D5100076713 /* AppsHeaderCell.swift in Sources */ = {isa = PBXBuildFile; fileRef = DB9BC4D62A714D5100076713 /* AppsHeaderCell.swift */; };
/* End PBXBuildFile section */

/* Begin PBXFileReference section */
		DB5921992A5C5021006FDD40 /* SearchResultCell.swift */ = {isa = PBXFileReference; lastKnownFileType = sourcecode.swift; path = SearchResultCell.swift; sourceTree = "<group>"; };
		DB6E98132A653B3C00BB2E4B /* SearchResult.swift */ = {isa = PBXFileReference; lastKnownFileType = sourcecode.swift; path = SearchResult.swift; sourceTree = "<group>"; };
		DB6E98162A654EB200BB2E4B /* Service.swift */ = {isa = PBXFileReference; lastKnownFileType = sourcecode.swift; path = Service.swift; sourceTree = "<group>"; };
		DB82385A2A53642800904DB4 /* AppleStoreJsonApi.app */ = {isa = PBXFileReference; explicitFileType = wrapper.application; includeInIndex = 0; path = AppleStoreJsonApi.app; sourceTree = BUILT_PRODUCTS_DIR; };
		DB82385D2A53642800904DB4 /* AppDelegate.swift */ = {isa = PBXFileReference; lastKnownFileType = sourcecode.swift; path = AppDelegate.swift; sourceTree = "<group>"; };
		DB82385F2A53642800904DB4 /* SceneDelegate.swift */ = {isa = PBXFileReference; lastKnownFileType = sourcecode.swift; path = SceneDelegate.swift; sourceTree = "<group>"; };
		DB8238612A53642800904DB4 /* SearchViewController.swift */ = {isa = PBXFileReference; lastKnownFileType = sourcecode.swift; path = SearchViewController.swift; sourceTree = "<group>"; };
		DB8238642A53642800904DB4 /* Base */ = {isa = PBXFileReference; lastKnownFileType = file.storyboard; name = Base; path = Base.lproj/Main.storyboard; sourceTree = "<group>"; };
		DB8238662A53642A00904DB4 /* Assets.xcassets */ = {isa = PBXFileReference; lastKnownFileType = folder.assetcatalog; path = Assets.xcassets; sourceTree = "<group>"; };
		DB8238692A53642A00904DB4 /* Base */ = {isa = PBXFileReference; lastKnownFileType = file.storyboard; name = Base; path = Base.lproj/LaunchScreen.storyboard; sourceTree = "<group>"; };
		DB82386B2A53642A00904DB4 /* Info.plist */ = {isa = PBXFileReference; lastKnownFileType = text.plist.xml; path = Info.plist; sourceTree = "<group>"; };
		DB8238712A53648400904DB4 /* README.md */ = {isa = PBXFileReference; lastKnownFileType = net.daringfireball.markdown; path = README.md; sourceTree = "<group>"; };
		DB8238722A5366B100904DB4 /* MainTabBarNavigationController.swift */ = {isa = PBXFileReference; lastKnownFileType = sourcecode.swift; path = MainTabBarNavigationController.swift; sourceTree = "<group>"; };
		DB9BC4C02A6E702200076713 /* AppsController.swift */ = {isa = PBXFileReference; lastKnownFileType = sourcecode.swift; path = AppsController.swift; sourceTree = "<group>"; };
		DB9BC4C32A6E72F300076713 /* BaseListController.swift */ = {isa = PBXFileReference; lastKnownFileType = sourcecode.swift; path = BaseListController.swift; sourceTree = "<group>"; };
		DB9BC4C72A6E754400076713 /* AppsGroupCell.swift */ = {isa = PBXFileReference; lastKnownFileType = sourcecode.swift; path = AppsGroupCell.swift; sourceTree = "<group>"; };
		DB9BC4C92A6FEFA400076713 /* AppsHorizontalController.swift */ = {isa = PBXFileReference; lastKnownFileType = sourcecode.swift; path = AppsHorizontalController.swift; sourceTree = "<group>"; };
		DB9BC4CB2A7107C600076713 /* AppRowCell.swift */ = {isa = PBXFileReference; lastKnownFileType = sourcecode.swift; path = AppRowCell.swift; sourceTree = "<group>"; };
		DB9BC4CE2A7108C800076713 /* Extensions.swift */ = {isa = PBXFileReference; lastKnownFileType = sourcecode.swift; path = Extensions.swift; sourceTree = "<group>"; };
		DB9BC4D02A7115C600076713 /* VerticalStackView.swift */ = {isa = PBXFileReference; lastKnownFileType = sourcecode.swift; path = VerticalStackView.swift; sourceTree = "<group>"; };
		DB9BC4D22A71470700076713 /* AppsPageHeader.swift */ = {isa = PBXFileReference; lastKnownFileType = sourcecode.swift; path = AppsPageHeader.swift; sourceTree = "<group>"; };
		DB9BC4D42A714A9800076713 /* AppsHeaderHorizontalController.swift */ = {isa = PBXFileReference; lastKnownFileType = sourcecode.swift; path = AppsHeaderHorizontalController.swift; sourceTree = "<group>"; };
		DB9BC4D62A714D5100076713 /* AppsHeaderCell.swift */ = {isa = PBXFileReference; lastKnownFileType = sourcecode.swift; path = AppsHeaderCell.swift; sourceTree = "<group>"; };
/* End PBXFileReference section */

/* Begin PBXFrameworksBuildPhase section */
		DB8238572A53642800904DB4 /* Frameworks */ = {
			isa = PBXFrameworksBuildPhase;
			buildActionMask = 2147483647;
			files = (
				DB6E981C2A656E0A00BB2E4B /* SDWebImageMapKit in Frameworks */,
				DB6E981A2A656E0A00BB2E4B /* SDWebImage in Frameworks */,
			);
			runOnlyForDeploymentPostprocessing = 0;
		};
/* End PBXFrameworksBuildPhase section */

/* Begin PBXGroup section */
		DB5921982A5C500A006FDD40 /* Views */ = {
			isa = PBXGroup;
			children = (
				DB9BC4C62A6E752D00076713 /* Apps */,
				DB5921992A5C5021006FDD40 /* SearchResultCell.swift */,
			);
			path = Views;
			sourceTree = "<group>";
		};
		DB6E98122A653B2800BB2E4B /* Model */ = {
			isa = PBXGroup;
			children = (
				DB6E98132A653B3C00BB2E4B /* SearchResult.swift */,
			);
			path = Model;
			sourceTree = "<group>";
		};
		DB6E98152A654EA400BB2E4B /* Service */ = {
			isa = PBXGroup;
			children = (
				DB6E98162A654EB200BB2E4B /* Service.swift */,
			);
			path = Service;
			sourceTree = "<group>";
		};
		DB8238512A53642800904DB4 = {
			isa = PBXGroup;
			children = (
				DB82385C2A53642800904DB4 /* AppleStoreJsonApi */,
				DB82385B2A53642800904DB4 /* Products */,
			);
			sourceTree = "<group>";
		};
		DB82385B2A53642800904DB4 /* Products */ = {
			isa = PBXGroup;
			children = (
				DB82385A2A53642800904DB4 /* AppleStoreJsonApi.app */,
			);
			name = Products;
			sourceTree = "<group>";
		};
		DB82385C2A53642800904DB4 /* AppleStoreJsonApi */ = {
			isa = PBXGroup;
			children = (
				DB9BC4CD2A7108B500076713 /* Helpers */,
				DB6E98152A654EA400BB2E4B /* Service */,
				DB6E98122A653B2800BB2E4B /* Model */,
				DB5921982A5C500A006FDD40 /* Views */,
				DB8238742A5373E300904DB4 /* Controllers */,
				DB82385D2A53642800904DB4 /* AppDelegate.swift */,
				DB82385F2A53642800904DB4 /* SceneDelegate.swift */,
				DB8238632A53642800904DB4 /* Main.storyboard */,
				DB8238662A53642A00904DB4 /* Assets.xcassets */,
				DB8238682A53642A00904DB4 /* LaunchScreen.storyboard */,
				DB82386B2A53642A00904DB4 /* Info.plist */,
				DB8238712A53648400904DB4 /* README.md */,
			);
			path = AppleStoreJsonApi;
			sourceTree = "<group>";
		};
		DB8238742A5373E300904DB4 /* Controllers */ = {
			isa = PBXGroup;
			children = (
				DB9BC4C52A6E73A200076713 /* Search */,
				DB9BC4C22A6E71AF00076713 /* Apps */,
				DB8238722A5366B100904DB4 /* MainTabBarNavigationController.swift */,
				DB9BC4C32A6E72F300076713 /* BaseListController.swift */,
			);
			path = Controllers;
			sourceTree = "<group>";
		};
		DB9BC4C22A6E71AF00076713 /* Apps */ = {
			isa = PBXGroup;
			children = (
				DB9BC4C92A6FEFA400076713 /* AppsHorizontalController.swift */,
				DB9BC4C02A6E702200076713 /* AppsController.swift */,
				DB9BC4D42A714A9800076713 /* AppsHeaderHorizontalController.swift */,
			);
			path = Apps;
			sourceTree = "<group>";
		};
		DB9BC4C52A6E73A200076713 /* Search */ = {
			isa = PBXGroup;
			children = (
				DB8238612A53642800904DB4 /* SearchViewController.swift */,
			);
			path = Search;
			sourceTree = "<group>";
		};
		DB9BC4C62A6E752D00076713 /* Apps */ = {
			isa = PBXGroup;
			children = (
				DB9BC4C72A6E754400076713 /* AppsGroupCell.swift */,
				DB9BC4CB2A7107C600076713 /* AppRowCell.swift */,
				DB9BC4D22A71470700076713 /* AppsPageHeader.swift */,
				DB9BC4D62A714D5100076713 /* AppsHeaderCell.swift */,
			);
			path = Apps;
			sourceTree = "<group>";
		};
		DB9BC4CD2A7108B500076713 /* Helpers */ = {
			isa = PBXGroup;
			children = (
				DB9BC4CE2A7108C800076713 /* Extensions.swift */,
				DB9BC4D02A7115C600076713 /* VerticalStackView.swift */,
			);
			path = Helpers;
			sourceTree = "<group>";
		};
/* End PBXGroup section */

/* Begin PBXNativeTarget section */
		DB8238592A53642800904DB4 /* AppleStoreJsonApi */ = {
			isa = PBXNativeTarget;
			buildConfigurationList = DB82386E2A53642A00904DB4 /* Build configuration list for PBXNativeTarget "AppleStoreJsonApi" */;
			buildPhases = (
				DB8238562A53642800904DB4 /* Sources */,
				DB8238572A53642800904DB4 /* Frameworks */,
				DB8238582A53642800904DB4 /* Resources */,
			);
			buildRules = (
			);
			dependencies = (
			);
			name = AppleStoreJsonApi;
			packageProductDependencies = (
				DB6E98192A656E0A00BB2E4B /* SDWebImage */,
				DB6E981B2A656E0A00BB2E4B /* SDWebImageMapKit */,
			);
			productName = AppleStoreJsonApi;
			productReference = DB82385A2A53642800904DB4 /* AppleStoreJsonApi.app */;
			productType = "com.apple.product-type.application";
		};
/* End PBXNativeTarget section */

/* Begin PBXProject section */
		DB8238522A53642800904DB4 /* Project object */ = {
			isa = PBXProject;
			attributes = {
				BuildIndependentTargetsInParallel = 1;
				LastSwiftUpdateCheck = 1420;
				LastUpgradeCheck = 1420;
				TargetAttributes = {
					DB8238592A53642800904DB4 = {
						CreatedOnToolsVersion = 14.2;
					};
				};
			};
			buildConfigurationList = DB8238552A53642800904DB4 /* Build configuration list for PBXProject "AppleStoreJsonApi" */;
			compatibilityVersion = "Xcode 14.0";
			developmentRegion = en;
			hasScannedForEncodings = 0;
			knownRegions = (
				en,
				Base,
			);
			mainGroup = DB8238512A53642800904DB4;
			packageReferences = (
				DB6E98182A656E0A00BB2E4B /* XCRemoteSwiftPackageReference "SDWebImage" */,
			);
			productRefGroup = DB82385B2A53642800904DB4 /* Products */;
			projectDirPath = "";
			projectRoot = "";
			targets = (
				DB8238592A53642800904DB4 /* AppleStoreJsonApi */,
			);
		};
/* End PBXProject section */

/* Begin PBXResourcesBuildPhase section */
		DB8238582A53642800904DB4 /* Resources */ = {
			isa = PBXResourcesBuildPhase;
			buildActionMask = 2147483647;
			files = (
				DB82386A2A53642A00904DB4 /* LaunchScreen.storyboard in Resources */,
				DB8238672A53642A00904DB4 /* Assets.xcassets in Resources */,
				DB8238652A53642800904DB4 /* Main.storyboard in Resources */,
			);
			runOnlyForDeploymentPostprocessing = 0;
		};
/* End PBXResourcesBuildPhase section */

/* Begin PBXSourcesBuildPhase section */
		DB8238562A53642800904DB4 /* Sources */ = {
			isa = PBXSourcesBuildPhase;
			buildActionMask = 2147483647;
			files = (
				DB8238732A5366B100904DB4 /* MainTabBarNavigationController.swift in Sources */,
				DB9BC4CA2A6FEFA400076713 /* AppsHorizontalController.swift in Sources */,
				DB9BC4C42A6E72F300076713 /* BaseListController.swift in Sources */,
				DB9BC4D32A71470700076713 /* AppsPageHeader.swift in Sources */,
				DB6E98172A654EB200BB2E4B /* Service.swift in Sources */,
				DB8238622A53642800904DB4 /* SearchViewController.swift in Sources */,
				DB82385E2A53642800904DB4 /* AppDelegate.swift in Sources */,
				DB8238602A53642800904DB4 /* SceneDelegate.swift in Sources */,
				DB6E98142A653B3C00BB2E4B /* SearchResult.swift in Sources */,
				DB9BC4CF2A7108C800076713 /* Extensions.swift in Sources */,
				DB9BC4D72A714D5100076713 /* AppsHeaderCell.swift in Sources */,
				DB9BC4D52A714A9800076713 /* AppsHeaderHorizontalController.swift in Sources */,
				DB9BC4CC2A7107C600076713 /* AppRowCell.swift in Sources */,
				DB9BC4C12A6E702200076713 /* AppsController.swift in Sources */,
				DB59219A2A5C5021006FDD40 /* SearchResultCell.swift in Sources */,
				DB9BC4C82A6E754400076713 /* AppsGroupCell.swift in Sources */,
				DB9BC4D12A7115C600076713 /* VerticalStackView.swift in Sources */,
			);
			runOnlyForDeploymentPostprocessing = 0;
		};
/* End PBXSourcesBuildPhase section */

/* Begin PBXVariantGroup section */
		DB8238632A53642800904DB4 /* Main.storyboard */ = {
			isa = PBXVariantGroup;
			children = (
				DB8238642A53642800904DB4 /* Base */,
			);
			name = Main.storyboard;
			sourceTree = "<group>";
		};
		DB8238682A53642A00904DB4 /* LaunchScreen.storyboard */ = {
			isa = PBXVariantGroup;
			children = (
				DB8238692A53642A00904DB4 /* Base */,
			);
			name = LaunchScreen.storyboard;
			sourceTree = "<group>";
		};
/* End PBXVariantGroup section */

/* Begin XCBuildConfiguration section */
		DB82386C2A53642A00904DB4 /* Debug */ = {
			isa = XCBuildConfiguration;
			buildSettings = {
				ALWAYS_SEARCH_USER_PATHS = NO;
				CLANG_ANALYZER_NONNULL = YES;
				CLANG_ANALYZER_NUMBER_OBJECT_CONVERSION = YES_AGGRESSIVE;
				CLANG_CXX_LANGUAGE_STANDARD = "gnu++20";
				CLANG_ENABLE_MODULES = YES;
				CLANG_ENABLE_OBJC_ARC = YES;
				CLANG_ENABLE_OBJC_WEAK = YES;
				CLANG_WARN_BLOCK_CAPTURE_AUTORELEASING = YES;
				CLANG_WARN_BOOL_CONVERSION = YES;
				CLANG_WARN_COMMA = YES;
				CLANG_WARN_CONSTANT_CONVERSION = YES;
				CLANG_WARN_DEPRECATED_OBJC_IMPLEMENTATIONS = YES;
				CLANG_WARN_DIRECT_OBJC_ISA_USAGE = YES_ERROR;
				CLANG_WARN_DOCUMENTATION_COMMENTS = YES;
				CLANG_WARN_EMPTY_BODY = YES;
				CLANG_WARN_ENUM_CONVERSION = YES;
				CLANG_WARN_INFINITE_RECURSION = YES;
				CLANG_WARN_INT_CONVERSION = YES;
				CLANG_WARN_NON_LITERAL_NULL_CONVERSION = YES;
				CLANG_WARN_OBJC_IMPLICIT_RETAIN_SELF = YES;
				CLANG_WARN_OBJC_LITERAL_CONVERSION = YES;
				CLANG_WARN_OBJC_ROOT_CLASS = YES_ERROR;
				CLANG_WARN_QUOTED_INCLUDE_IN_FRAMEWORK_HEADER = YES;
				CLANG_WARN_RANGE_LOOP_ANALYSIS = YES;
				CLANG_WARN_STRICT_PROTOTYPES = YES;
				CLANG_WARN_SUSPICIOUS_MOVE = YES;
				CLANG_WARN_UNGUARDED_AVAILABILITY = YES_AGGRESSIVE;
				CLANG_WARN_UNREACHABLE_CODE = YES;
				CLANG_WARN__DUPLICATE_METHOD_MATCH = YES;
				COPY_PHASE_STRIP = NO;
				DEBUG_INFORMATION_FORMAT = dwarf;
				ENABLE_STRICT_OBJC_MSGSEND = YES;
				ENABLE_TESTABILITY = YES;
				GCC_C_LANGUAGE_STANDARD = gnu11;
				GCC_DYNAMIC_NO_PIC = NO;
				GCC_NO_COMMON_BLOCKS = YES;
				GCC_OPTIMIZATION_LEVEL = 0;
				GCC_PREPROCESSOR_DEFINITIONS = (
					"DEBUG=1",
					"$(inherited)",
				);
				GCC_WARN_64_TO_32_BIT_CONVERSION = YES;
				GCC_WARN_ABOUT_RETURN_TYPE = YES_ERROR;
				GCC_WARN_UNDECLARED_SELECTOR = YES;
				GCC_WARN_UNINITIALIZED_AUTOS = YES_AGGRESSIVE;
				GCC_WARN_UNUSED_FUNCTION = YES;
				GCC_WARN_UNUSED_VARIABLE = YES;
				IPHONEOS_DEPLOYMENT_TARGET = 16.2;
				MTL_ENABLE_DEBUG_INFO = INCLUDE_SOURCE;
				MTL_FAST_MATH = YES;
				ONLY_ACTIVE_ARCH = YES;
				SDKROOT = iphoneos;
				SWIFT_ACTIVE_COMPILATION_CONDITIONS = DEBUG;
				SWIFT_OPTIMIZATION_LEVEL = "-Onone";
			};
			name = Debug;
		};
		DB82386D2A53642A00904DB4 /* Release */ = {
			isa = XCBuildConfiguration;
			buildSettings = {
				ALWAYS_SEARCH_USER_PATHS = NO;
				CLANG_ANALYZER_NONNULL = YES;
				CLANG_ANALYZER_NUMBER_OBJECT_CONVERSION = YES_AGGRESSIVE;
				CLANG_CXX_LANGUAGE_STANDARD = "gnu++20";
				CLANG_ENABLE_MODULES = YES;
				CLANG_ENABLE_OBJC_ARC = YES;
				CLANG_ENABLE_OBJC_WEAK = YES;
				CLANG_WARN_BLOCK_CAPTURE_AUTORELEASING = YES;
				CLANG_WARN_BOOL_CONVERSION = YES;
				CLANG_WARN_COMMA = YES;
				CLANG_WARN_CONSTANT_CONVERSION = YES;
				CLANG_WARN_DEPRECATED_OBJC_IMPLEMENTATIONS = YES;
				CLANG_WARN_DIRECT_OBJC_ISA_USAGE = YES_ERROR;
				CLANG_WARN_DOCUMENTATION_COMMENTS = YES;
				CLANG_WARN_EMPTY_BODY = YES;
				CLANG_WARN_ENUM_CONVERSION = YES;
				CLANG_WARN_INFINITE_RECURSION = YES;
				CLANG_WARN_INT_CONVERSION = YES;
				CLANG_WARN_NON_LITERAL_NULL_CONVERSION = YES;
				CLANG_WARN_OBJC_IMPLICIT_RETAIN_SELF = YES;
				CLANG_WARN_OBJC_LITERAL_CONVERSION = YES;
				CLANG_WARN_OBJC_ROOT_CLASS = YES_ERROR;
				CLANG_WARN_QUOTED_INCLUDE_IN_FRAMEWORK_HEADER = YES;
				CLANG_WARN_RANGE_LOOP_ANALYSIS = YES;
				CLANG_WARN_STRICT_PROTOTYPES = YES;
				CLANG_WARN_SUSPICIOUS_MOVE = YES;
				CLANG_WARN_UNGUARDED_AVAILABILITY = YES_AGGRESSIVE;
				CLANG_WARN_UNREACHABLE_CODE = YES;
				CLANG_WARN__DUPLICATE_METHOD_MATCH = YES;
				COPY_PHASE_STRIP = NO;
				DEBUG_INFORMATION_FORMAT = "dwarf-with-dsym";
				ENABLE_NS_ASSERTIONS = NO;
				ENABLE_STRICT_OBJC_MSGSEND = YES;
				GCC_C_LANGUAGE_STANDARD = gnu11;
				GCC_NO_COMMON_BLOCKS = YES;
				GCC_WARN_64_TO_32_BIT_CONVERSION = YES;
				GCC_WARN_ABOUT_RETURN_TYPE = YES_ERROR;
				GCC_WARN_UNDECLARED_SELECTOR = YES;
				GCC_WARN_UNINITIALIZED_AUTOS = YES_AGGRESSIVE;
				GCC_WARN_UNUSED_FUNCTION = YES;
				GCC_WARN_UNUSED_VARIABLE = YES;
				IPHONEOS_DEPLOYMENT_TARGET = 16.2;
				MTL_ENABLE_DEBUG_INFO = NO;
				MTL_FAST_MATH = YES;
				SDKROOT = iphoneos;
				SWIFT_COMPILATION_MODE = wholemodule;
				SWIFT_OPTIMIZATION_LEVEL = "-O";
				VALIDATE_PRODUCT = YES;
			};
			name = Release;
		};
		DB82386F2A53642A00904DB4 /* Debug */ = {
			isa = XCBuildConfiguration;
			buildSettings = {
				ASSETCATALOG_COMPILER_APPICON_NAME = AppIcon;
				ASSETCATALOG_COMPILER_GLOBAL_ACCENT_COLOR_NAME = AccentColor;
				CODE_SIGN_STYLE = Automatic;
				CURRENT_PROJECT_VERSION = 1;
				DEVELOPMENT_TEAM = UNF3HFBN85;
				GENERATE_INFOPLIST_FILE = YES;
				INFOPLIST_FILE = AppleStoreJsonApi/Info.plist;
				INFOPLIST_KEY_UIApplicationSupportsIndirectInputEvents = YES;
				INFOPLIST_KEY_UILaunchStoryboardName = LaunchScreen;
				INFOPLIST_KEY_UISupportedInterfaceOrientations_iPad = "UIInterfaceOrientationPortrait UIInterfaceOrientationPortraitUpsideDown UIInterfaceOrientationLandscapeLeft UIInterfaceOrientationLandscapeRight";
				INFOPLIST_KEY_UISupportedInterfaceOrientations_iPhone = "UIInterfaceOrientationPortrait UIInterfaceOrientationLandscapeLeft UIInterfaceOrientationLandscapeRight";
				LD_RUNPATH_SEARCH_PATHS = (
					"$(inherited)",
					"@executable_path/Frameworks",
				);
				MARKETING_VERSION = 1.0;
				PRODUCT_BUNDLE_IDENTIFIER = dev.victorbruce.AppleStoreJsonApi;
				PRODUCT_NAME = "$(TARGET_NAME)";
				SWIFT_EMIT_LOC_STRINGS = YES;
				SWIFT_VERSION = 5.0;
				TARGETED_DEVICE_FAMILY = "1,2";
			};
			name = Debug;
		};
		DB8238702A53642A00904DB4 /* Release */ = {
			isa = XCBuildConfiguration;
			buildSettings = {
				ASSETCATALOG_COMPILER_APPICON_NAME = AppIcon;
				ASSETCATALOG_COMPILER_GLOBAL_ACCENT_COLOR_NAME = AccentColor;
				CODE_SIGN_STYLE = Automatic;
				CURRENT_PROJECT_VERSION = 1;
				DEVELOPMENT_TEAM = UNF3HFBN85;
				GENERATE_INFOPLIST_FILE = YES;
				INFOPLIST_FILE = AppleStoreJsonApi/Info.plist;
				INFOPLIST_KEY_UIApplicationSupportsIndirectInputEvents = YES;
				INFOPLIST_KEY_UILaunchStoryboardName = LaunchScreen;
				INFOPLIST_KEY_UISupportedInterfaceOrientations_iPad = "UIInterfaceOrientationPortrait UIInterfaceOrientationPortraitUpsideDown UIInterfaceOrientationLandscapeLeft UIInterfaceOrientationLandscapeRight";
				INFOPLIST_KEY_UISupportedInterfaceOrientations_iPhone = "UIInterfaceOrientationPortrait UIInterfaceOrientationLandscapeLeft UIInterfaceOrientationLandscapeRight";
				LD_RUNPATH_SEARCH_PATHS = (
					"$(inherited)",
					"@executable_path/Frameworks",
				);
				MARKETING_VERSION = 1.0;
				PRODUCT_BUNDLE_IDENTIFIER = dev.victorbruce.AppleStoreJsonApi;
				PRODUCT_NAME = "$(TARGET_NAME)";
				SWIFT_EMIT_LOC_STRINGS = YES;
				SWIFT_VERSION = 5.0;
				TARGETED_DEVICE_FAMILY = "1,2";
			};
			name = Release;
		};
/* End XCBuildConfiguration section */

/* Begin XCConfigurationList section */
		DB8238552A53642800904DB4 /* Build configuration list for PBXProject "AppleStoreJsonApi" */ = {
			isa = XCConfigurationList;
			buildConfigurations = (
				DB82386C2A53642A00904DB4 /* Debug */,
				DB82386D2A53642A00904DB4 /* Release */,
			);
			defaultConfigurationIsVisible = 0;
			defaultConfigurationName = Release;
		};
		DB82386E2A53642A00904DB4 /* Build configuration list for PBXNativeTarget "AppleStoreJsonApi" */ = {
			isa = XCConfigurationList;
			buildConfigurations = (
				DB82386F2A53642A00904DB4 /* Debug */,
				DB8238702A53642A00904DB4 /* Release */,
			);
			defaultConfigurationIsVisible = 0;
			defaultConfigurationName = Release;
		};
/* End XCConfigurationList section */

/* Begin XCRemoteSwiftPackageReference section */
		DB6E98182A656E0A00BB2E4B /* XCRemoteSwiftPackageReference "SDWebImage" */ = {
			isa = XCRemoteSwiftPackageReference;
			repositoryURL = "https://github.com/SDWebImage/SDWebImage.git";
			requirement = {
				branch = master;
				kind = branch;
			};
		};
/* End XCRemoteSwiftPackageReference section */

/* Begin XCSwiftPackageProductDependency section */
		DB6E98192A656E0A00BB2E4B /* SDWebImage */ = {
			isa = XCSwiftPackageProductDependency;
			package = DB6E98182A656E0A00BB2E4B /* XCRemoteSwiftPackageReference "SDWebImage" */;
			productName = SDWebImage;
		};
		DB6E981B2A656E0A00BB2E4B /* SDWebImageMapKit */ = {
			isa = XCSwiftPackageProductDependency;
			package = DB6E98182A656E0A00BB2E4B /* XCRemoteSwiftPackageReference "SDWebImage" */;
			productName = SDWebImageMapKit;
		};
/* End XCSwiftPackageProductDependency section */
	};
	rootObject = DB8238522A53642800904DB4 /* Project object */;
}
